
Microsoft Visual Studio Solution File, Format Version 12.00
# Visual Studio 15
VisualStudioVersion = 15.0.28010.2036
MinimumVisualStudioVersion = 10.0.40219.1
Project("{FAE04EC0-301F-11D3-BF4B-00C04F79EFBC}") = "BankLibrary", "BankLibrary\BankLibrary.csproj", "{E3264CB2-DCA8-4ABC-A7FB-B4CD7E413EEF}"
EndProject
Project("{FAE04EC0-301F-11D3-BF4B-00C04F79EFBC}") = "BankConApp", "BankConApp\BankConApp.csproj", "{258BCA1C-8F7B-4C83-AC36-09CF81CA4902}"
EndProject
Global
	GlobalSection(SolutionConfigurationPlatforms) = preSolution
		Debug|Any CPU = Debug|Any CPU
		Release|Any CPU = Release|Any CPU
	EndGlobalSection
	GlobalSection(ProjectConfigurationPlatforms) = postSolution
		{E3264CB2-DCA8-4ABC-A7FB-B4CD7E413EEF}.Debug|Any CPU.ActiveCfg = Debug|Any CPU
		{E3264CB2-DCA8-4ABC-A7FB-B4CD7E413EEF}.Debug|Any CPU.Build.0 = Debug|Any CPU
		{E3264CB2-DCA8-4ABC-A7FB-B4CD7E413EEF}.Release|Any CPU.ActiveCfg = Release|Any CPU
		{E3264CB2-DCA8-4ABC-A7FB-B4CD7E413EEF}.Release|Any CPU.Build.0 = Release|Any CPU
		{258BCA1C-8F7B-4C83-AC36-09CF81CA4902}.Debug|Any CPU.ActiveCfg = Debug|Any CPU
		{258BCA1C-8F7B-4C83-AC36-09CF81CA4902}.Debug|Any CPU.Build.0 = Debug|Any CPU
		{258BCA1C-8F7B-4C83-AC36-09CF81CA4902}.Release|Any CPU.ActiveCfg = Release|Any CPU
		{258BCA1C-8F7B-4C83-AC36-09CF81CA4902}.Release|Any CPU.Build.0 = Release|Any CPU
	EndGlobalSection
	GlobalSection(SolutionProperties) = preSolution
		HideSolutionNode = FALSE
	EndGlobalSection
	GlobalSection(ExtensibilityGlobals) = postSolution
		SolutionGuid = {7BDFC08B-F490-4BFD-83ED-1199CA3DD843}
	EndGlobalSection
EndGlobal
